
Microsoft Visual Studio Solution File, Format Version 12.00
# Visual Studio Version 16
VisualStudioVersion = 16.0.31005.135
MinimumVisualStudioVersion = 10.0.40219.1
Project("{FAE04EC0-301F-11D3-BF4B-00C04F79EFBC}") = "Exo4", "Exo4\Exo4.csproj", "{FE10BA4B-4321-4C17-A6FA-C73411268FDD}"
EndProject
Global
	GlobalSection(SolutionConfigurationPlatforms) = preSolution
		Debug|Any CPU = Debug|Any CPU
		Release|Any CPU = Release|Any CPU
	EndGlobalSection
	GlobalSection(ProjectConfigurationPlatforms) = postSolution
		{FE10BA4B-4321-4C17-A6FA-C73411268FDD}.Debug|Any CPU.ActiveCfg = Debug|Any CPU
		{FE10BA4B-4321-4C17-A6FA-C73411268FDD}.Debug|Any CPU.Build.0 = Debug|Any CPU
		{FE10BA4B-4321-4C17-A6FA-C73411268FDD}.Release|Any CPU.ActiveCfg = Release|Any CPU
		{FE10BA4B-4321-4C17-A6FA-C73411268FDD}.Release|Any CPU.Build.0 = Release|Any CPU
	EndGlobalSection
	GlobalSection(SolutionProperties) = preSolution
		HideSolutionNode = FALSE
	EndGlobalSection
	GlobalSection(ExtensibilityGlobals) = postSolution
		SolutionGuid = {8F7F52A9-35BB-479A-BEDE-AA4CE69A28F4}
	EndGlobalSection
EndGlobal
