
Microsoft Visual Studio Solution File, Format Version 12.00
# Visual Studio Version 16
VisualStudioVersion = 16.0.31005.135
MinimumVisualStudioVersion = 10.0.40219.1
Project("{FAE04EC0-301F-11D3-BF4B-00C04F79EFBC}") = "First", "First\First.csproj", "{3C0DC13F-7456-4879-A030-307D6FD8A092}"
EndProject
Global
	GlobalSection(SolutionConfigurationPlatforms) = preSolution
		Debug|Any CPU = Debug|Any CPU
		Release|Any CPU = Release|Any CPU
	EndGlobalSection
	GlobalSection(ProjectConfigurationPlatforms) = postSolution
		{3C0DC13F-7456-4879-A030-307D6FD8A092}.Debug|Any CPU.ActiveCfg = Debug|Any CPU
		{3C0DC13F-7456-4879-A030-307D6FD8A092}.Debug|Any CPU.Build.0 = Debug|Any CPU
		{3C0DC13F-7456-4879-A030-307D6FD8A092}.Release|Any CPU.ActiveCfg = Release|Any CPU
		{3C0DC13F-7456-4879-A030-307D6FD8A092}.Release|Any CPU.Build.0 = Release|Any CPU
	EndGlobalSection
	GlobalSection(SolutionProperties) = preSolution
		HideSolutionNode = FALSE
	EndGlobalSection
	GlobalSection(ExtensibilityGlobals) = postSolution
		SolutionGuid = {F2AC8817-0AD3-40F5-89CA-CAA4169C404E}
	EndGlobalSection
EndGlobal
