
Microsoft Visual Studio Solution File, Format Version 12.00
# Visual Studio Version 16
VisualStudioVersion = 16.0.31005.135
MinimumVisualStudioVersion = 10.0.40219.1
Project("{FAE04EC0-301F-11D3-BF4B-00C04F79EFBC}") = "Second", "Second\Second.csproj", "{4D12E433-3BEA-40AE-9F43-95C27FC4C408}"
EndProject
Global
	GlobalSection(SolutionConfigurationPlatforms) = preSolution
		Debug|Any CPU = Debug|Any CPU
		Release|Any CPU = Release|Any CPU
	EndGlobalSection
	GlobalSection(ProjectConfigurationPlatforms) = postSolution
		{4D12E433-3BEA-40AE-9F43-95C27FC4C408}.Debug|Any CPU.ActiveCfg = Debug|Any CPU
		{4D12E433-3BEA-40AE-9F43-95C27FC4C408}.Debug|Any CPU.Build.0 = Debug|Any CPU
		{4D12E433-3BEA-40AE-9F43-95C27FC4C408}.Release|Any CPU.ActiveCfg = Release|Any CPU
		{4D12E433-3BEA-40AE-9F43-95C27FC4C408}.Release|Any CPU.Build.0 = Release|Any CPU
	EndGlobalSection
	GlobalSection(SolutionProperties) = preSolution
		HideSolutionNode = FALSE
	EndGlobalSection
	GlobalSection(ExtensibilityGlobals) = postSolution
		SolutionGuid = {851EA9EF-0965-4BC9-B1C4-DD4F06706C95}
	EndGlobalSection
EndGlobal
