
Microsoft Visual Studio Solution File, Format Version 12.00
# Visual Studio Version 16
VisualStudioVersion = 16.0.31005.135
MinimumVisualStudioVersion = 10.0.40219.1
Project("{FAE04EC0-301F-11D3-BF4B-00C04F79EFBC}") = "Exo8", "Exo8\Exo8.csproj", "{1FED9774-CBF4-4839-8EC5-4BDFB3AC4773}"
EndProject
Global
	GlobalSection(SolutionConfigurationPlatforms) = preSolution
		Debug|Any CPU = Debug|Any CPU
		Release|Any CPU = Release|Any CPU
	EndGlobalSection
	GlobalSection(ProjectConfigurationPlatforms) = postSolution
		{1FED9774-CBF4-4839-8EC5-4BDFB3AC4773}.Debug|Any CPU.ActiveCfg = Debug|Any CPU
		{1FED9774-CBF4-4839-8EC5-4BDFB3AC4773}.Debug|Any CPU.Build.0 = Debug|Any CPU
		{1FED9774-CBF4-4839-8EC5-4BDFB3AC4773}.Release|Any CPU.ActiveCfg = Release|Any CPU
		{1FED9774-CBF4-4839-8EC5-4BDFB3AC4773}.Release|Any CPU.Build.0 = Release|Any CPU
	EndGlobalSection
	GlobalSection(SolutionProperties) = preSolution
		HideSolutionNode = FALSE
	EndGlobalSection
	GlobalSection(ExtensibilityGlobals) = postSolution
		SolutionGuid = {F555A02F-EE14-49B2-A25F-E3C644B04ED6}
	EndGlobalSection
EndGlobal
